
Microsoft Visual Studio Solution File, Format Version 12.00
# Visual Studio Express 2013 for Web
VisualStudioVersion = 12.0.30723.0
MinimumVisualStudioVersion = 10.0.40219.1
Project("{FAE04EC0-301F-11D3-BF4B-00C04F79EFBC}") = "Refrigeration", "Refrigeration.csproj", "{1F47F5AF-98B2-4E99-B909-89E5D0F417CC}"
EndProject
Project("{2150E333-8FDC-42A3-9474-1A3956D46DE8}") = "Mod", "Mod", "{58C220A1-B59B-43A5-BDC8-8FE4FF820AE7}"
EndProject
Project("{2150E333-8FDC-42A3-9474-1A3956D46DE8}") = "About", "About", "{392772E6-B9FB-4827-AC16-2024D75F392A}"
	ProjectSection(SolutionItems) = preProject
		Refrigeration\About\About.xml = Refrigeration\About\About.xml
	EndProjectSection
EndProject
Project("{2150E333-8FDC-42A3-9474-1A3956D46DE8}") = "Assemblies", "Assemblies", "{A73D5408-32B0-4793-9CFA-5031884B3362}"
EndProject
Project("{2150E333-8FDC-42A3-9474-1A3956D46DE8}") = "Defs", "Defs", "{819B011D-E57F-4E5C-A87D-1D7FB2483B8E}"
EndProject
Project("{2150E333-8FDC-42A3-9474-1A3956D46DE8}") = "ThingDefs", "ThingDefs", "{3A3CFF0E-8239-4050-BE04-B691DB74816F}"
	ProjectSection(SolutionItems) = preProject
		Refrigeration\Defs\ThingDefs\Buildings_Refrigerator.xml = Refrigeration\Defs\ThingDefs\Buildings_Refrigerator.xml
	EndProjectSection
EndProject
Project("{2150E333-8FDC-42A3-9474-1A3956D46DE8}") = "ResearchProjectDefs", "ResearchProjectDefs", "{DE877229-B021-47E6-AE5A-10E9F2E5BDD8}"
	ProjectSection(SolutionItems) = preProject
		Refrigeration\Defs\ResearchProjectDefs\RefrigerationResearch.xml = Refrigeration\Defs\ResearchProjectDefs\RefrigerationResearch.xml
	EndProjectSection
EndProject
Global
	GlobalSection(SolutionConfigurationPlatforms) = preSolution
		Debug|Any CPU = Debug|Any CPU
		Release|Any CPU = Release|Any CPU
	EndGlobalSection
	GlobalSection(ProjectConfigurationPlatforms) = postSolution
		{1F47F5AF-98B2-4E99-B909-89E5D0F417CC}.Debug|Any CPU.ActiveCfg = Debug|Any CPU
		{1F47F5AF-98B2-4E99-B909-89E5D0F417CC}.Debug|Any CPU.Build.0 = Debug|Any CPU
		{1F47F5AF-98B2-4E99-B909-89E5D0F417CC}.Release|Any CPU.ActiveCfg = Release|Any CPU
		{1F47F5AF-98B2-4E99-B909-89E5D0F417CC}.Release|Any CPU.Build.0 = Release|Any CPU
	EndGlobalSection
	GlobalSection(SolutionProperties) = preSolution
		HideSolutionNode = FALSE
	EndGlobalSection
	GlobalSection(NestedProjects) = preSolution
		{392772E6-B9FB-4827-AC16-2024D75F392A} = {58C220A1-B59B-43A5-BDC8-8FE4FF820AE7}
		{A73D5408-32B0-4793-9CFA-5031884B3362} = {58C220A1-B59B-43A5-BDC8-8FE4FF820AE7}
		{819B011D-E57F-4E5C-A87D-1D7FB2483B8E} = {58C220A1-B59B-43A5-BDC8-8FE4FF820AE7}
		{3A3CFF0E-8239-4050-BE04-B691DB74816F} = {819B011D-E57F-4E5C-A87D-1D7FB2483B8E}
		{DE877229-B021-47E6-AE5A-10E9F2E5BDD8} = {819B011D-E57F-4E5C-A87D-1D7FB2483B8E}
	EndGlobalSection
EndGlobal
